Microsoft Visual Studio Solution File, Format Version 12.00
# Visual Studio Version 17
VisualStudioVersion = 17.5.2.0
MinimumVisualStudioVersion = 10.0.40219.1
Project("{FAE04EC0-301F-11D3-BF4B-00C04F79EFBC}") = "AISpeech", "AISpeech.csproj", "{BCE0117D-07D2-8EFA-B8FD-7CA2657755C5}"
EndProject
Global
	GlobalSection(SolutionConfigurationPlatforms) = preSolution
		Debug|Any CPU = Debug|Any CPU
		Release|Any CPU = Release|Any CPU
	EndGlobalSection
	GlobalSection(ProjectConfigurationPlatforms) = postSolution
		{BCE0117D-07D2-8EFA-B8FD-7CA2657755C5}.Debug|Any CPU.ActiveCfg = Debug|Any CPU
		{BCE0117D-07D2-8EFA-B8FD-7CA2657755C5}.Debug|Any CPU.Build.0 = Debug|Any CPU
		{BCE0117D-07D2-8EFA-B8FD-7CA2657755C5}.Release|Any CPU.ActiveCfg = Release|Any CPU
		{BCE0117D-07D2-8EFA-B8FD-7CA2657755C5}.Release|Any CPU.Build.0 = Release|Any CPU
	EndGlobalSection
	GlobalSection(SolutionProperties) = preSolution
		HideSolutionNode = FALSE
	EndGlobalSection
	GlobalSection(ExtensibilityGlobals) = postSolution
		SolutionGuid = {6D063403-ADF7-4E36-BB73-6586E101062D}
	EndGlobalSection
EndGlobal
